
Microsoft Visual Studio Solution File, Format Version 12.00
# Visual Studio 15
VisualStudioVersion = 15.0.26730.3
MinimumVisualStudioVersion = 10.0.40219.1
Project("{FAE04EC0-301F-11D3-BF4B-00C04F79EFBC}") = "CodeninWebApi", "CodeninWebApi\CodeninWebApi.csproj", "{DF09C458-B8E6-4C6C-A269-FE44AC40CEC8}"
EndProject
Project("{FAE04EC0-301F-11D3-BF4B-00C04F79EFBC}") = "CodeninModel", "CodeninModel\CodeninModel.csproj", "{BD7FCBD3-25CD-4149-B92A-ABEC051089A0}"
EndProject
Global
	GlobalSection(SolutionConfigurationPlatforms) = preSolution
		Debug|Any CPU = Debug|Any CPU
		Release|Any CPU = Release|Any CPU
	EndGlobalSection
	GlobalSection(ProjectConfigurationPlatforms) = postSolution
		{DF09C458-B8E6-4C6C-A269-FE44AC40CEC8}.Debug|Any CPU.ActiveCfg = Debug|Any CPU
		{DF09C458-B8E6-4C6C-A269-FE44AC40CEC8}.Debug|Any CPU.Build.0 = Debug|Any CPU
		{DF09C458-B8E6-4C6C-A269-FE44AC40CEC8}.Release|Any CPU.ActiveCfg = Release|Any CPU
		{DF09C458-B8E6-4C6C-A269-FE44AC40CEC8}.Release|Any CPU.Build.0 = Release|Any CPU
		{BD7FCBD3-25CD-4149-B92A-ABEC051089A0}.Debug|Any CPU.ActiveCfg = Debug|Any CPU
		{BD7FCBD3-25CD-4149-B92A-ABEC051089A0}.Debug|Any CPU.Build.0 = Debug|Any CPU
		{BD7FCBD3-25CD-4149-B92A-ABEC051089A0}.Release|Any CPU.ActiveCfg = Release|Any CPU
		{BD7FCBD3-25CD-4149-B92A-ABEC051089A0}.Release|Any CPU.Build.0 = Release|Any CPU
	EndGlobalSection
	GlobalSection(SolutionProperties) = preSolution
		HideSolutionNode = FALSE
	EndGlobalSection
	GlobalSection(ExtensibilityGlobals) = postSolution
		SolutionGuid = {DB7445AC-F3A0-48E9-84D1-AA4EA1332054}
	EndGlobalSection
EndGlobal
